// !$*UTF8*$!
{
	archiveVersion = 1;
	classes = {
	};
	objectVersion = 55;
	objects = {

/* Begin PBXBuildFile section */
		1700DD96882D85416DB3D403 /* Pods_NFTMarket.framework in Frameworks */ = {isa = PBXBuildFile; fileRef = 66705B9EAE7B3638BF5523DA /* Pods_NFTMarket.framework */; };
		1BB9501D4DD3D38638D0E080 /* Pods_NFTMarketTests.framework in Frameworks */ = {isa = PBXBuildFile; fileRef = EFF63076B2976DCB0F8EBC16 /* Pods_NFTMarketTests.framework */; };
		FAA69D71285920A300F5FD21 /* RegisterViewController.swift in Sources */ = {isa = PBXBuildFile; fileRef = FAA69D6F285920A300F5FD21 /* RegisterViewController.swift */; };
		FAA69D72285920A300F5FD21 /* RegisterViewController.xib in Resources */ = {isa = PBXBuildFile; fileRef = FAA69D70285920A300F5FD21 /* RegisterViewController.xib */; };
		FAA69D74285920B100F5FD21 /* RegisterViewModel.swift in Sources */ = {isa = PBXBuildFile; fileRef = FAA69D73285920B100F5FD21 /* RegisterViewModel.swift */; };
		FAA69D78285920E800F5FD21 /* ViewModelProtocols.swift in Sources */ = {isa = PBXBuildFile; fileRef = FAA69D77285920E800F5FD21 /* ViewModelProtocols.swift */; };
		FAA69D7A2859218800F5FD21 /* RegisterCoordinator.swift in Sources */ = {isa = PBXBuildFile; fileRef = FAA69D792859218800F5FD21 /* RegisterCoordinator.swift */; };
		FAA69D7C2859303B00F5FD21 /* SplashCoordinator.swift in Sources */ = {isa = PBXBuildFile; fileRef = FAA69D7B2859303B00F5FD21 /* SplashCoordinator.swift */; };
		FAD5B296285770960080E6AC /* AppDelegate.swift in Sources */ = {isa = PBXBuildFile; fileRef = FAD5B295285770960080E6AC /* AppDelegate.swift */; };
		FAD5B298285770960080E6AC /* SceneDelegate.swift in Sources */ = {isa = PBXBuildFile; fileRef = FAD5B297285770960080E6AC /* SceneDelegate.swift */; };
		FAD5B2A0285770960080E6AC /* NFTMarket.xcdatamodeld in Sources */ = {isa = PBXBuildFile; fileRef = FAD5B29E285770960080E6AC /* NFTMarket.xcdatamodeld */; };
		FAD5B2A2285770980080E6AC /* Assets.xcassets in Resources */ = {isa = PBXBuildFile; fileRef = FAD5B2A1285770980080E6AC /* Assets.xcassets */; };
		FAD5B2A5285770980080E6AC /* LaunchScreen.storyboard in Resources */ = {isa = PBXBuildFile; fileRef = FAD5B2A3285770980080E6AC /* LaunchScreen.storyboard */; };
		FAD5B2B0285770980080E6AC /* NFTMarketTests.swift in Sources */ = {isa = PBXBuildFile; fileRef = FAD5B2AF285770980080E6AC /* NFTMarketTests.swift */; };
		FAD5B2BA285770980080E6AC /* NFTMarketUITests.swift in Sources */ = {isa = PBXBuildFile; fileRef = FAD5B2B9285770980080E6AC /* NFTMarketUITests.swift */; };
		FAD5B2BC285770980080E6AC /* NFTMarketUITestsLaunchTests.swift in Sources */ = {isa = PBXBuildFile; fileRef = FAD5B2BB285770980080E6AC /* NFTMarketUITestsLaunchTests.swift */; };
		FAD5B2CD285772B80080E6AC /* SplashViewController.swift in Sources */ = {isa = PBXBuildFile; fileRef = FAD5B2CB285772B80080E6AC /* SplashViewController.swift */; };
		FAD5B2CE285772B80080E6AC /* SplashViewController.xib in Resources */ = {isa = PBXBuildFile; fileRef = FAD5B2CC285772B80080E6AC /* SplashViewController.xib */; };
		FAD5B2D3285777960080E6AC /* PrimaryButton.swift in Sources */ = {isa = PBXBuildFile; fileRef = FAD5B2D2285777960080E6AC /* PrimaryButton.swift */; };
		FAD5B2D928579AF00080E6AC /* String.swift in Sources */ = {isa = PBXBuildFile; fileRef = FAD5B2D828579AF00080E6AC /* String.swift */; };
		FAD5B2DC2857A5A80080E6AC /* LoginViewController.swift in Sources */ = {isa = PBXBuildFile; fileRef = FAD5B2DA2857A5A80080E6AC /* LoginViewController.swift */; };
		FAD5B2DD2857A5A80080E6AC /* LoginViewController.xib in Resources */ = {isa = PBXBuildFile; fileRef = FAD5B2DB2857A5A80080E6AC /* LoginViewController.xib */; };
		FAD5B2DF2857A6840080E6AC /* LoginViewModel.swift in Sources */ = {isa = PBXBuildFile; fileRef = FAD5B2DE2857A6840080E6AC /* LoginViewModel.swift */; };
		FAD5B2E12857A69C0080E6AC /* LoginCoordinator.swift in Sources */ = {isa = PBXBuildFile; fileRef = FAD5B2E02857A69C0080E6AC /* LoginCoordinator.swift */; };
		FAD5B2E32857A8E60080E6AC /* SplashViewModel.swift in Sources */ = {isa = PBXBuildFile; fileRef = FAD5B2E22857A8E60080E6AC /* SplashViewModel.swift */; };
		FAD5B2E82857D2760080E6AC /* ViewController.swift in Sources */ = {isa = PBXBuildFile; fileRef = FAD5B2E72857D2760080E6AC /* ViewController.swift */; };
		FAD5B2EB2857D6430080E6AC /* AppCoordinator.swift in Sources */ = {isa = PBXBuildFile; fileRef = FAD5B2EA2857D6430080E6AC /* AppCoordinator.swift */; };
		FAD5B2EE2857E5410080E6AC /* TextFieldView.swift in Sources */ = {isa = PBXBuildFile; fileRef = FAD5B2ED2857E5410080E6AC /* TextFieldView.swift */; };
		FDE0F9D26DA28224F1D8C3A9 /* Pods_NFTMarket_NFTMarketUITests.framework in Frameworks */ = {isa = PBXBuildFile; fileRef = A67E2FB4DDF76E4ADDDA2C07 /* Pods_NFTMarket_NFTMarketUITests.framework */; };
/* End PBXBuildFile section */

/* Begin PBXContainerItemProxy section */
		FAD5B2AC285770980080E6AC /* PBXContainerItemProxy */ = {
			isa = PBXContainerItemProxy;
			containerPortal = FAD5B28A285770960080E6AC /* Project object */;
			proxyType = 1;
			remoteGlobalIDString = FAD5B291285770960080E6AC;
			remoteInfo = NFTMarket;
		};
		FAD5B2B6285770980080E6AC /* PBXContainerItemProxy */ = {
			isa = PBXContainerItemProxy;
			containerPortal = FAD5B28A285770960080E6AC /* Project object */;
			proxyType = 1;
			remoteGlobalIDString = FAD5B291285770960080E6AC;
			remoteInfo = NFTMarket;
		};
/* End PBXContainerItemProxy section */

/* Begin PBXFileReference section */
		18736A68936E5AB308B0F128 /* Pods-NFTMarket.release.xcconfig */ = {isa = PBXFileReference; includeInIndex = 1; lastKnownFileType = text.xcconfig; name = "Pods-NFTMarket.release.xcconfig"; path = "Target Support Files/Pods-NFTMarket/Pods-NFTMarket.release.xcconfig"; sourceTree = "<group>"; };
		2068C3C15918940A12EBAFF0 /* Pods-NFTMarket.debug.xcconfig */ = {isa = PBXFileReference; includeInIndex = 1; lastKnownFileType = text.xcconfig; name = "Pods-NFTMarket.debug.xcconfig"; path = "Target Support Files/Pods-NFTMarket/Pods-NFTMarket.debug.xcconfig"; sourceTree = "<group>"; };
		2FF18F896390D834813D8F89 /* Pods-NFTMarket-NFTMarketUITests.release.xcconfig */ = {isa = PBXFileReference; includeInIndex = 1; lastKnownFileType = text.xcconfig; name = "Pods-NFTMarket-NFTMarketUITests.release.xcconfig"; path = "Target Support Files/Pods-NFTMarket-NFTMarketUITests/Pods-NFTMarket-NFTMarketUITests.release.xcconfig"; sourceTree = "<group>"; };
		3649E416B58AFF4CB79664E4 /* Pods-NFTMarketTests.debug.xcconfig */ = {isa = PBXFileReference; includeInIndex = 1; lastKnownFileType = text.xcconfig; name = "Pods-NFTMarketTests.debug.xcconfig"; path = "Target Support Files/Pods-NFTMarketTests/Pods-NFTMarketTests.debug.xcconfig"; sourceTree = "<group>"; };
		66705B9EAE7B3638BF5523DA /* Pods_NFTMarket.framework */ = {isa = PBXFileReference; explicitFileType = wrapper.framework; includeInIndex = 0; path = Pods_NFTMarket.framework; sourceTree = BUILT_PRODUCTS_DIR; };
		7B8294F244A41C1E0CD464E0 /* Pods-NFTMarket-NFTMarketUITests.debug.xcconfig */ = {isa = PBXFileReference; includeInIndex = 1; lastKnownFileType = text.xcconfig; name = "Pods-NFTMarket-NFTMarketUITests.debug.xcconfig"; path = "Target Support Files/Pods-NFTMarket-NFTMarketUITests/Pods-NFTMarket-NFTMarketUITests.debug.xcconfig"; sourceTree = "<group>"; };
		A67E2FB4DDF76E4ADDDA2C07 /* Pods_NFTMarket_NFTMarketUITests.framework */ = {isa = PBXFileReference; explicitFileType = wrapper.framework; includeInIndex = 0; path = Pods_NFTMarket_NFTMarketUITests.framework; sourceTree = BUILT_PRODUCTS_DIR; };
		C065056B2990EABDB79DE79F /* Pods-NFTMarketTests.release.xcconfig */ = {isa = PBXFileReference; includeInIndex = 1; lastKnownFileType = text.xcconfig; name = "Pods-NFTMarketTests.release.xcconfig"; path = "Target Support Files/Pods-NFTMarketTests/Pods-NFTMarketTests.release.xcconfig"; sourceTree = "<group>"; };
		EFF63076B2976DCB0F8EBC16 /* Pods_NFTMarketTests.framework */ = {isa = PBXFileReference; explicitFileType = wrapper.framework; includeInIndex = 0; path = Pods_NFTMarketTests.framework; sourceTree = BUILT_PRODUCTS_DIR; };
		FAA69D6F285920A300F5FD21 /* RegisterViewController.swift */ = {isa = PBXFileReference; lastKnownFileType = sourcecode.swift; path = RegisterViewController.swift; sourceTree = "<group>"; };
		FAA69D70285920A300F5FD21 /* RegisterViewController.xib */ = {isa = PBXFileReference; lastKnownFileType = file.xib; path = RegisterViewController.xib; sourceTree = "<group>"; };
		FAA69D73285920B100F5FD21 /* RegisterViewModel.swift */ = {isa = PBXFileReference; lastKnownFileType = sourcecode.swift; path = RegisterViewModel.swift; sourceTree = "<group>"; };
		FAA69D77285920E800F5FD21 /* ViewModelProtocols.swift */ = {isa = PBXFileReference; lastKnownFileType = sourcecode.swift; path = ViewModelProtocols.swift; sourceTree = "<group>"; };
		FAA69D792859218800F5FD21 /* RegisterCoordinator.swift */ = {isa = PBXFileReference; lastKnownFileType = sourcecode.swift; path = RegisterCoordinator.swift; sourceTree = "<group>"; };
		FAA69D7B2859303B00F5FD21 /* SplashCoordinator.swift */ = {isa = PBXFileReference; lastKnownFileType = sourcecode.swift; path = SplashCoordinator.swift; sourceTree = "<group>"; };
		FAD5B292285770960080E6AC /* NFTMarket.app */ = {isa = PBXFileReference; explicitFileType = wrapper.application; includeInIndex = 0; path = NFTMarket.app; sourceTree = BUILT_PRODUCTS_DIR; };
		FAD5B295285770960080E6AC /* AppDelegate.swift */ = {isa = PBXFileReference; lastKnownFileType = sourcecode.swift; path = AppDelegate.swift; sourceTree = "<group>"; };
		FAD5B297285770960080E6AC /* SceneDelegate.swift */ = {isa = PBXFileReference; lastKnownFileType = sourcecode.swift; path = SceneDelegate.swift; sourceTree = "<group>"; };
		FAD5B29F285770960080E6AC /* NFTMarket.xcdatamodel */ = {isa = PBXFileReference; lastKnownFileType = wrapper.xcdatamodel; path = NFTMarket.xcdatamodel; sourceTree = "<group>"; };
		FAD5B2A1285770980080E6AC /* Assets.xcassets */ = {isa = PBXFileReference; lastKnownFileType = folder.assetcatalog; path = Assets.xcassets; sourceTree = "<group>"; };
		FAD5B2A4285770980080E6AC /* Base */ = {isa = PBXFileReference; lastKnownFileType = file.storyboard; name = Base; path = Base.lproj/LaunchScreen.storyboard; sourceTree = "<group>"; };
		FAD5B2A6285770980080E6AC /* Info.plist */ = {isa = PBXFileReference; lastKnownFileType = text.plist.xml; path = Info.plist; sourceTree = "<group>"; };
		FAD5B2AB285770980080E6AC /* NFTMarketTests.xctest */ = {isa = PBXFileReference; explicitFileType = wrapper.cfbundle; includeInIndex = 0; path = NFTMarketTests.xctest; sourceTree = BUILT_PRODUCTS_DIR; };
		FAD5B2AF285770980080E6AC /* NFTMarketTests.swift */ = {isa = PBXFileReference; lastKnownFileType = sourcecode.swift; path = NFTMarketTests.swift; sourceTree = "<group>"; };
		FAD5B2B5285770980080E6AC /* NFTMarketUITests.xctest */ = {isa = PBXFileReference; explicitFileType = wrapper.cfbundle; includeInIndex = 0; path = NFTMarketUITests.xctest; sourceTree = BUILT_PRODUCTS_DIR; };
		FAD5B2B9285770980080E6AC /* NFTMarketUITests.swift */ = {isa = PBXFileReference; lastKnownFileType = sourcecode.swift; path = NFTMarketUITests.swift; sourceTree = "<group>"; };
		FAD5B2BB285770980080E6AC /* NFTMarketUITestsLaunchTests.swift */ = {isa = PBXFileReference; lastKnownFileType = sourcecode.swift; path = NFTMarketUITestsLaunchTests.swift; sourceTree = "<group>"; };
		FAD5B2CB285772B80080E6AC /* SplashViewController.swift */ = {isa = PBXFileReference; lastKnownFileType = sourcecode.swift; path = SplashViewController.swift; sourceTree = "<group>"; };
		FAD5B2CC285772B80080E6AC /* SplashViewController.xib */ = {isa = PBXFileReference; lastKnownFileType = file.xib; path = SplashViewController.xib; sourceTree = "<group>"; };
		FAD5B2D2285777960080E6AC /* PrimaryButton.swift */ = {isa = PBXFileReference; lastKnownFileType = sourcecode.swift; path = PrimaryButton.swift; sourceTree = "<group>"; };
		FAD5B2D828579AF00080E6AC /* String.swift */ = {isa = PBXFileReference; lastKnownFileType = sourcecode.swift; path = String.swift; sourceTree = "<group>"; };
		FAD5B2DA2857A5A80080E6AC /* LoginViewController.swift */ = {isa = PBXFileReference; lastKnownFileType = sourcecode.swift; path = LoginViewController.swift; sourceTree = "<group>"; };
		FAD5B2DB2857A5A80080E6AC /* LoginViewController.xib */ = {isa = PBXFileReference; lastKnownFileType = file.xib; path = LoginViewController.xib; sourceTree = "<group>"; };
		FAD5B2DE2857A6840080E6AC /* LoginViewModel.swift */ = {isa = PBXFileReference; lastKnownFileType = sourcecode.swift; path = LoginViewModel.swift; sourceTree = "<group>"; };
		FAD5B2E02857A69C0080E6AC /* LoginCoordinator.swift */ = {isa = PBXFileReference; lastKnownFileType = sourcecode.swift; path = LoginCoordinator.swift; sourceTree = "<group>"; };
		FAD5B2E22857A8E60080E6AC /* SplashViewModel.swift */ = {isa = PBXFileReference; lastKnownFileType = sourcecode.swift; path = SplashViewModel.swift; sourceTree = "<group>"; };
		FAD5B2E72857D2760080E6AC /* ViewController.swift */ = {isa = PBXFileReference; lastKnownFileType = sourcecode.swift; path = ViewController.swift; sourceTree = "<group>"; };
		FAD5B2EA2857D6430080E6AC /* AppCoordinator.swift */ = {isa = PBXFileReference; lastKnownFileType = sourcecode.swift; path = AppCoordinator.swift; sourceTree = "<group>"; };
		FAD5B2ED2857E5410080E6AC /* TextFieldView.swift */ = {isa = PBXFileReference; lastKnownFileType = sourcecode.swift; path = TextFieldView.swift; sourceTree = "<group>"; };
/* End PBXFileReference section */

/* Begin PBXFrameworksBuildPhase section */
		FAD5B28F285770960080E6AC /* Frameworks */ = {
			isa = PBXFrameworksBuildPhase;
			buildActionMask = 2147483647;
			files = (
				1700DD96882D85416DB3D403 /* Pods_NFTMarket.framework in Frameworks */,
			);
			runOnlyForDeploymentPostprocessing = 0;
		};
		FAD5B2A8285770980080E6AC /* Frameworks */ = {
			isa = PBXFrameworksBuildPhase;
			buildActionMask = 2147483647;
			files = (
				1BB9501D4DD3D38638D0E080 /* Pods_NFTMarketTests.framework in Frameworks */,
			);
			runOnlyForDeploymentPostprocessing = 0;
		};
		FAD5B2B2285770980080E6AC /* Frameworks */ = {
			isa = PBXFrameworksBuildPhase;
			buildActionMask = 2147483647;
			files = (
				FDE0F9D26DA28224F1D8C3A9 /* Pods_NFTMarket_NFTMarketUITests.framework in Frameworks */,
			);
			runOnlyForDeploymentPostprocessing = 0;
		};
/* End PBXFrameworksBuildPhase section */

/* Begin PBXGroup section */
		01EBB9266EF723BC5C76A196 /* Frameworks */ = {
			isa = PBXGroup;
			children = (
				66705B9EAE7B3638BF5523DA /* Pods_NFTMarket.framework */,
				A67E2FB4DDF76E4ADDDA2C07 /* Pods_NFTMarket_NFTMarketUITests.framework */,
				EFF63076B2976DCB0F8EBC16 /* Pods_NFTMarketTests.framework */,
			);
			name = Frameworks;
			sourceTree = "<group>";
		};
		42C0FE4C614B8F6C6B3F1E60 /* Pods */ = {
			isa = PBXGroup;
			children = (
				2068C3C15918940A12EBAFF0 /* Pods-NFTMarket.debug.xcconfig */,
				18736A68936E5AB308B0F128 /* Pods-NFTMarket.release.xcconfig */,
				7B8294F244A41C1E0CD464E0 /* Pods-NFTMarket-NFTMarketUITests.debug.xcconfig */,
				2FF18F896390D834813D8F89 /* Pods-NFTMarket-NFTMarketUITests.release.xcconfig */,
				3649E416B58AFF4CB79664E4 /* Pods-NFTMarketTests.debug.xcconfig */,
				C065056B2990EABDB79DE79F /* Pods-NFTMarketTests.release.xcconfig */,
			);
			path = Pods;
			sourceTree = "<group>";
		};
		FAA69D6E2859209600F5FD21 /* Register */ = {
			isa = PBXGroup;
			children = (
				FAA69D6F285920A300F5FD21 /* RegisterViewController.swift */,
				FAA69D73285920B100F5FD21 /* RegisterViewModel.swift */,
				FAA69D792859218800F5FD21 /* RegisterCoordinator.swift */,
				FAA69D70285920A300F5FD21 /* RegisterViewController.xib */,
			);
			path = Register;
			sourceTree = "<group>";
		};
		FAA69D75285920CC00F5FD21 /* Protocols */ = {
			isa = PBXGroup;
			children = (
				FAA69D76285920DB00F5FD21 /* ViewModel */,
				FAD5B2E92857D6210080E6AC /* Coordinator */,
			);
			path = Protocols;
			sourceTree = "<group>";
		};
		FAA69D76285920DB00F5FD21 /* ViewModel */ = {
			isa = PBXGroup;
			children = (
				FAA69D77285920E800F5FD21 /* ViewModelProtocols.swift */,
			);
			path = ViewModel;
			sourceTree = "<group>";
		};
		FAD5B289285770960080E6AC = {
			isa = PBXGroup;
			children = (
				FAD5B294285770960080E6AC /* NFTMarket */,
				FAD5B2AE285770980080E6AC /* NFTMarketTests */,
				FAD5B2B8285770980080E6AC /* NFTMarketUITests */,
				FAD5B293285770960080E6AC /* Products */,
				42C0FE4C614B8F6C6B3F1E60 /* Pods */,
				01EBB9266EF723BC5C76A196 /* Frameworks */,
			);
			sourceTree = "<group>";
		};
		FAD5B293285770960080E6AC /* Products */ = {
			isa = PBXGroup;
			children = (
				FAD5B292285770960080E6AC /* NFTMarket.app */,
				FAD5B2AB285770980080E6AC /* NFTMarketTests.xctest */,
				FAD5B2B5285770980080E6AC /* NFTMarketUITests.xctest */,
			);
			name = Products;
			sourceTree = "<group>";
		};
		FAD5B294285770960080E6AC /* NFTMarket */ = {
			isa = PBXGroup;
			children = (
				FAA69D75285920CC00F5FD21 /* Protocols */,
				FAD5B2D7285791240080E6AC /* Extension */,
				FAD5B2D0285777730080E6AC /* UIKitExtension */,
				FAD5B2C9285772910080E6AC /* Feature */,
				FAD5B2C82857711A0080E6AC /* Main */,
				FAD5B2A1285770980080E6AC /* Assets.xcassets */,
				FAD5B2A3285770980080E6AC /* LaunchScreen.storyboard */,
				FAD5B2A6285770980080E6AC /* Info.plist */,
				FAD5B29E285770960080E6AC /* NFTMarket.xcdatamodeld */,
			);
			path = NFTMarket;
			sourceTree = "<group>";
		};
		FAD5B2AE285770980080E6AC /* NFTMarketTests */ = {
			isa = PBXGroup;
			children = (
				FAD5B2AF285770980080E6AC /* NFTMarketTests.swift */,
			);
			path = NFTMarketTests;
			sourceTree = "<group>";
		};
		FAD5B2B8285770980080E6AC /* NFTMarketUITests */ = {
			isa = PBXGroup;
			children = (
				FAD5B2B9285770980080E6AC /* NFTMarketUITests.swift */,
				FAD5B2BB285770980080E6AC /* NFTMarketUITestsLaunchTests.swift */,
			);
			path = NFTMarketUITests;
			sourceTree = "<group>";
		};
		FAD5B2C82857711A0080E6AC /* Main */ = {
			isa = PBXGroup;
			children = (
				FAD5B295285770960080E6AC /* AppDelegate.swift */,
				FAD5B297285770960080E6AC /* SceneDelegate.swift */,
			);
			path = Main;
			sourceTree = "<group>";
		};
		FAD5B2C9285772910080E6AC /* Feature */ = {
			isa = PBXGroup;
			children = (
				FAA69D6E2859209600F5FD21 /* Register */,
				FAD5B2CF285775EB0080E6AC /* Login */,
				FAD5B2CA285772A30080E6AC /* Splash */,
			);
			path = Feature;
			sourceTree = "<group>";
		};
		FAD5B2CA285772A30080E6AC /* Splash */ = {
			isa = PBXGroup;
			children = (
				FAD5B2CB285772B80080E6AC /* SplashViewController.swift */,
				FAA69D7B2859303B00F5FD21 /* SplashCoordinator.swift */,
				FAD5B2E22857A8E60080E6AC /* SplashViewModel.swift */,
				FAD5B2CC285772B80080E6AC /* SplashViewController.xib */,
			);
			path = Splash;
			sourceTree = "<group>";
		};
		FAD5B2CF285775EB0080E6AC /* Login */ = {
			isa = PBXGroup;
			children = (
				FAD5B2DA2857A5A80080E6AC /* LoginViewController.swift */,
				FAD5B2E02857A69C0080E6AC /* LoginCoordinator.swift */,
				FAD5B2DE2857A6840080E6AC /* LoginViewModel.swift */,
				FAD5B2DB2857A5A80080E6AC /* LoginViewController.xib */,
			);
			path = Login;
			sourceTree = "<group>";
		};
		FAD5B2D0285777730080E6AC /* UIKitExtension */ = {
			isa = PBXGroup;
			children = (
				FAD5B2EC2857E5370080E6AC /* View */,
				FAD5B2E62857D2670080E6AC /* ViewController */,
				FAD5B2D1285777830080E6AC /* PrimaryButton */,
			);
			path = UIKitExtension;
			sourceTree = "<group>";
		};
		FAD5B2D1285777830080E6AC /* PrimaryButton */ = {
			isa = PBXGroup;
			children = (
				FAD5B2D2285777960080E6AC /* PrimaryButton.swift */,
			);
			path = PrimaryButton;
			sourceTree = "<group>";
		};
		FAD5B2D7285791240080E6AC /* Extension */ = {
			isa = PBXGroup;
			children = (
				FAD5B2D828579AF00080E6AC /* String.swift */,
			);
			path = Extension;
			sourceTree = "<group>";
		};
		FAD5B2E62857D2670080E6AC /* ViewController */ = {
			isa = PBXGroup;
			children = (
				FAD5B2E72857D2760080E6AC /* ViewController.swift */,
			);
			path = ViewController;
			sourceTree = "<group>";
		};
		FAD5B2E92857D6210080E6AC /* Coordinator */ = {
			isa = PBXGroup;
			children = (
				FAD5B2EA2857D6430080E6AC /* AppCoordinator.swift */,
			);
			path = Coordinator;
			sourceTree = "<group>";
		};
		FAD5B2EC2857E5370080E6AC /* View */ = {
			isa = PBXGroup;
			children = (
				FAD5B2ED2857E5410080E6AC /* TextFieldView.swift */,
			);
			path = View;
			sourceTree = "<group>";
		};
/* End PBXGroup section */

/* Begin PBXNativeTarget section */
		FAD5B291285770960080E6AC /* NFTMarket */ = {
			isa = PBXNativeTarget;
			buildConfigurationList = FAD5B2BF285770980080E6AC /* Build configuration list for PBXNativeTarget "NFTMarket" */;
			buildPhases = (
				B05C247CC838A27B52B4DB4F /* [CP] Check Pods Manifest.lock */,
				FAD5B28E285770960080E6AC /* Sources */,
				FAD5B28F285770960080E6AC /* Frameworks */,
				FAD5B290285770960080E6AC /* Resources */,
				97C6710B89B80BEA958B6B4F /* [CP] Embed Pods Frameworks */,
			);
			buildRules = (
			);
			dependencies = (
			);
			name = NFTMarket;
			productName = NFTMarket;
			productReference = FAD5B292285770960080E6AC /* NFTMarket.app */;
			productType = "com.apple.product-type.application";
		};
		FAD5B2AA285770980080E6AC /* NFTMarketTests */ = {
			isa = PBXNativeTarget;
			buildConfigurationList = FAD5B2C2285770980080E6AC /* Build configuration list for PBXNativeTarget "NFTMarketTests" */;
			buildPhases = (
				5F4B8D3029FF64458BDD1EE9 /* [CP] Check Pods Manifest.lock */,
				FAD5B2A7285770980080E6AC /* Sources */,
				FAD5B2A8285770980080E6AC /* Frameworks */,
				FAD5B2A9285770980080E6AC /* Resources */,
			);
			buildRules = (
			);
			dependencies = (
				FAD5B2AD285770980080E6AC /* PBXTargetDependency */,
			);
			name = NFTMarketTests;
			productName = NFTMarketTests;
			productReference = FAD5B2AB285770980080E6AC /* NFTMarketTests.xctest */;
			productType = "com.apple.product-type.bundle.unit-test";
		};
		FAD5B2B4285770980080E6AC /* NFTMarketUITests */ = {
			isa = PBXNativeTarget;
			buildConfigurationList = FAD5B2C5285770980080E6AC /* Build configuration list for PBXNativeTarget "NFTMarketUITests" */;
			buildPhases = (
				0DA738055A1DF6AAC7F549B7 /* [CP] Check Pods Manifest.lock */,
				FAD5B2B1285770980080E6AC /* Sources */,
				FAD5B2B2285770980080E6AC /* Frameworks */,
				FAD5B2B3285770980080E6AC /* Resources */,
				A270B6B5F02865C26BA5B904 /* [CP] Embed Pods Frameworks */,
			);
			buildRules = (
			);
			dependencies = (
				FAD5B2B7285770980080E6AC /* PBXTargetDependency */,
			);
			name = NFTMarketUITests;
			productName = NFTMarketUITests;
			productReference = FAD5B2B5285770980080E6AC /* NFTMarketUITests.xctest */;
			productType = "com.apple.product-type.bundle.ui-testing";
		};
/* End PBXNativeTarget section */

/* Begin PBXProject section */
		FAD5B28A285770960080E6AC /* Project object */ = {
			isa = PBXProject;
			attributes = {
				BuildIndependentTargetsInParallel = 1;
				LastSwiftUpdateCheck = 1340;
				LastUpgradeCheck = 1340;
				TargetAttributes = {
					FAD5B291285770960080E6AC = {
						CreatedOnToolsVersion = 13.4.1;
					};
					FAD5B2AA285770980080E6AC = {
						CreatedOnToolsVersion = 13.4.1;
						TestTargetID = FAD5B291285770960080E6AC;
					};
					FAD5B2B4285770980080E6AC = {
						CreatedOnToolsVersion = 13.4.1;
						TestTargetID = FAD5B291285770960080E6AC;
					};
				};
			};
			buildConfigurationList = FAD5B28D285770960080E6AC /* Build configuration list for PBXProject "NFTMarket" */;
			compatibilityVersion = "Xcode 13.0";
			developmentRegion = en;
			hasScannedForEncodings = 0;
			knownRegions = (
				en,
				Base,
			);
			mainGroup = FAD5B289285770960080E6AC;
			productRefGroup = FAD5B293285770960080E6AC /* Products */;
			projectDirPath = "";
			projectRoot = "";
			targets = (
				FAD5B291285770960080E6AC /* NFTMarket */,
				FAD5B2AA285770980080E6AC /* NFTMarketTests */,
				FAD5B2B4285770980080E6AC /* NFTMarketUITests */,
			);
		};
/* End PBXProject section */

/* Begin PBXResourcesBuildPhase section */
		FAD5B290285770960080E6AC /* Resources */ = {
			isa = PBXResourcesBuildPhase;
			buildActionMask = 2147483647;
			files = (
				FAD5B2DD2857A5A80080E6AC /* LoginViewController.xib in Resources */,
				FAA69D72285920A300F5FD21 /* RegisterViewController.xib in Resources */,
				FAD5B2A5285770980080E6AC /* LaunchScreen.storyboard in Resources */,
				FAD5B2A2285770980080E6AC /* Assets.xcassets in Resources */,
				FAD5B2CE285772B80080E6AC /* SplashViewController.xib in Resources */,
			);
			runOnlyForDeploymentPostprocessing = 0;
		};
		FAD5B2A9285770980080E6AC /* Resources */ = {
			isa = PBXResourcesBuildPhase;
			buildActionMask = 2147483647;
			files = (
			);
			runOnlyForDeploymentPostprocessing = 0;
		};
		FAD5B2B3285770980080E6AC /* Resources */ = {
			isa = PBXResourcesBuildPhase;
			buildActionMask = 2147483647;
			files = (
			);
			runOnlyForDeploymentPostprocessing = 0;
		};
/* End PBXResourcesBuildPhase section */

/* Begin PBXShellScriptBuildPhase section */
		0DA738055A1DF6AAC7F549B7 /* [CP] Check Pods Manifest.lock */ = {
			isa = PBXShellScriptBuildPhase;
			buildActionMask = 2147483647;
			files = (
			);
			inputFileListPaths = (
			);
			inputPaths = (
				"${PODS_PODFILE_DIR_PATH}/Podfile.lock",
				"${PODS_ROOT}/Manifest.lock",
			);
			name = "[CP] Check Pods Manifest.lock";
			outputFileListPaths = (
			);
			outputPaths = (
				"$(DERIVED_FILE_DIR)/Pods-NFTMarket-NFTMarketUITests-checkManifestLockResult.txt",
			);
			runOnlyForDeploymentPostprocessing = 0;
			shellPath = /bin/sh;
			shellScript = "diff \"${PODS_PODFILE_DIR_PATH}/Podfile.lock\" \"${PODS_ROOT}/Manifest.lock\" > /dev/null\nif [ $? != 0 ] ; then\n    # print error to STDERR\n    echo \"error: The sandbox is not in sync with the Podfile.lock. Run 'pod install' or update your CocoaPods installation.\" >&2\n    exit 1\nfi\n# This output is used by Xcode 'outputs' to avoid re-running this script phase.\necho \"SUCCESS\" > \"${SCRIPT_OUTPUT_FILE_0}\"\n";
			showEnvVarsInLog = 0;
		};
		5F4B8D3029FF64458BDD1EE9 /* [CP] Check Pods Manifest.lock */ = {
			isa = PBXShellScriptBuildPhase;
			buildActionMask = 2147483647;
			files = (
			);
			inputFileListPaths = (
			);
			inputPaths = (
				"${PODS_PODFILE_DIR_PATH}/Podfile.lock",
				"${PODS_ROOT}/Manifest.lock",
			);
			name = "[CP] Check Pods Manifest.lock";
			outputFileListPaths = (
			);
			outputPaths = (
				"$(DERIVED_FILE_DIR)/Pods-NFTMarketTests-checkManifestLockResult.txt",
			);
			runOnlyForDeploymentPostprocessing = 0;
			shellPath = /bin/sh;
			shellScript = "diff \"${PODS_PODFILE_DIR_PATH}/Podfile.lock\" \"${PODS_ROOT}/Manifest.lock\" > /dev/null\nif [ $? != 0 ] ; then\n    # print error to STDERR\n    echo \"error: The sandbox is not in sync with the Podfile.lock. Run 'pod install' or update your CocoaPods installation.\" >&2\n    exit 1\nfi\n# This output is used by Xcode 'outputs' to avoid re-running this script phase.\necho \"SUCCESS\" > \"${SCRIPT_OUTPUT_FILE_0}\"\n";
			showEnvVarsInLog = 0;
		};
		97C6710B89B80BEA958B6B4F /* [CP] Embed Pods Frameworks */ = {
			isa = PBXShellScriptBuildPhase;
			buildActionMask = 2147483647;
			files = (
			);
			inputFileListPaths = (
				"${PODS_ROOT}/Target Support Files/Pods-NFTMarket/Pods-NFTMarket-frameworks-${CONFIGURATION}-input-files.xcfilelist",
			);
			name = "[CP] Embed Pods Frameworks";
			outputFileListPaths = (
				"${PODS_ROOT}/Target Support Files/Pods-NFTMarket/Pods-NFTMarket-frameworks-${CONFIGURATION}-output-files.xcfilelist",
			);
			runOnlyForDeploymentPostprocessing = 0;
			shellPath = /bin/sh;
			shellScript = "\"${PODS_ROOT}/Target Support Files/Pods-NFTMarket/Pods-NFTMarket-frameworks.sh\"\n";
			showEnvVarsInLog = 0;
		};
		A270B6B5F02865C26BA5B904 /* [CP] Embed Pods Frameworks */ = {
			isa = PBXShellScriptBuildPhase;
			buildActionMask = 2147483647;
			files = (
			);
			inputFileListPaths = (
				"${PODS_ROOT}/Target Support Files/Pods-NFTMarket-NFTMarketUITests/Pods-NFTMarket-NFTMarketUITests-frameworks-${CONFIGURATION}-input-files.xcfilelist",
			);
			name = "[CP] Embed Pods Frameworks";
			outputFileListPaths = (
				"${PODS_ROOT}/Target Support Files/Pods-NFTMarket-NFTMarketUITests/Pods-NFTMarket-NFTMarketUITests-frameworks-${CONFIGURATION}-output-files.xcfilelist",
			);
			runOnlyForDeploymentPostprocessing = 0;
			shellPath = /bin/sh;
			shellScript = "\"${PODS_ROOT}/Target Support Files/Pods-NFTMarket-NFTMarketUITests/Pods-NFTMarket-NFTMarketUITests-frameworks.sh\"\n";
			showEnvVarsInLog = 0;
		};
		B05C247CC838A27B52B4DB4F /* [CP] Check Pods Manifest.lock */ = {
			isa = PBXShellScriptBuildPhase;
			buildActionMask = 2147483647;
			files = (
			);
			inputFileListPaths = (
			);
			inputPaths = (
				"${PODS_PODFILE_DIR_PATH}/Podfile.lock",
				"${PODS_ROOT}/Manifest.lock",
			);
			name = "[CP] Check Pods Manifest.lock";
			outputFileListPaths = (
			);
			outputPaths = (
				"$(DERIVED_FILE_DIR)/Pods-NFTMarket-checkManifestLockResult.txt",
			);
			runOnlyForDeploymentPostprocessing = 0;
			shellPath = /bin/sh;
			shellScript = "diff \"${PODS_PODFILE_DIR_PATH}/Podfile.lock\" \"${PODS_ROOT}/Manifest.lock\" > /dev/null\nif [ $? != 0 ] ; then\n    # print error to STDERR\n    echo \"error: The sandbox is not in sync with the Podfile.lock. Run 'pod install' or update your CocoaPods installation.\" >&2\n    exit 1\nfi\n# This output is used by Xcode 'outputs' to avoid re-running this script phase.\necho \"SUCCESS\" > \"${SCRIPT_OUTPUT_FILE_0}\"\n";
			showEnvVarsInLog = 0;
		};
/* End PBXShellScriptBuildPhase section */

/* Begin PBXSourcesBuildPhase section */
		FAD5B28E285770960080E6AC /* Sources */ = {
			isa = PBXSourcesBuildPhase;
			buildActionMask = 2147483647;
			files = (
				FAD5B2DC2857A5A80080E6AC /* LoginViewController.swift in Sources */,
				FAA69D74285920B100F5FD21 /* RegisterViewModel.swift in Sources */,
				FAD5B296285770960080E6AC /* AppDelegate.swift in Sources */,
				FAD5B2EB2857D6430080E6AC /* AppCoordinator.swift in Sources */,
				FAA69D78285920E800F5FD21 /* ViewModelProtocols.swift in Sources */,
				FAD5B2EE2857E5410080E6AC /* TextFieldView.swift in Sources */,
				FAD5B2A0285770960080E6AC /* NFTMarket.xcdatamodeld in Sources */,
				FAD5B2D3285777960080E6AC /* PrimaryButton.swift in Sources */,
				FAD5B2DF2857A6840080E6AC /* LoginViewModel.swift in Sources */,
				FAD5B2E32857A8E60080E6AC /* SplashViewModel.swift in Sources */,
				FAD5B2E82857D2760080E6AC /* ViewController.swift in Sources */,
				FAA69D71285920A300F5FD21 /* RegisterViewController.swift in Sources */,
				FAA69D7A2859218800F5FD21 /* RegisterCoordinator.swift in Sources */,
				FAD5B2E12857A69C0080E6AC /* LoginCoordinator.swift in Sources */,
				FAA69D7C2859303B00F5FD21 /* SplashCoordinator.swift in Sources */,
				FAD5B2D928579AF00080E6AC /* String.swift in Sources */,
				FAD5B298285770960080E6AC /* SceneDelegate.swift in Sources */,
				FAD5B2CD285772B80080E6AC /* SplashViewController.swift in Sources */,
			);
			runOnlyForDeploymentPostprocessing = 0;
		};
		FAD5B2A7285770980080E6AC /* Sources */ = {
			isa = PBXSourcesBuildPhase;
			buildActionMask = 2147483647;
			files = (
				FAD5B2B0285770980080E6AC /* NFTMarketTests.swift in Sources */,
			);
			runOnlyForDeploymentPostprocessing = 0;
		};
		FAD5B2B1285770980080E6AC /* Sources */ = {
			isa = PBXSourcesBuildPhase;
			buildActionMask = 2147483647;
			files = (
				FAD5B2BA285770980080E6AC /* NFTMarketUITests.swift in Sources */,
				FAD5B2BC285770980080E6AC /* NFTMarketUITestsLaunchTests.swift in Sources */,
			);
			runOnlyForDeploymentPostprocessing = 0;
		};
/* End PBXSourcesBuildPhase section */

/* Begin PBXTargetDependency section */
		FAD5B2AD285770980080E6AC /* PBXTargetDependency */ = {
			isa = PBXTargetDependency;
			target = FAD5B291285770960080E6AC /* NFTMarket */;
			targetProxy = FAD5B2AC285770980080E6AC /* PBXContainerItemProxy */;
		};
		FAD5B2B7285770980080E6AC /* PBXTargetDependency */ = {
			isa = PBXTargetDependency;
			target = FAD5B291285770960080E6AC /* NFTMarket */;
			targetProxy = FAD5B2B6285770980080E6AC /* PBXContainerItemProxy */;
		};
/* End PBXTargetDependency section */

/* Begin PBXVariantGroup section */
		FAD5B2A3285770980080E6AC /* LaunchScreen.storyboard */ = {
			isa = PBXVariantGroup;
			children = (
				FAD5B2A4285770980080E6AC /* Base */,
			);
			name = LaunchScreen.storyboard;
			sourceTree = "<group>";
		};
/* End PBXVariantGroup section */

/* Begin XCBuildConfiguration section */
		FAD5B2BD285770980080E6AC /* Debug */ = {
			isa = XCBuildConfiguration;
			buildSettings = {
				ALWAYS_SEARCH_USER_PATHS = NO;
				CLANG_ANALYZER_NONNULL = YES;
				CLANG_ANALYZER_NUMBER_OBJECT_CONVERSION = YES_AGGRESSIVE;
				CLANG_CXX_LANGUAGE_STANDARD = "gnu++17";
				CLANG_ENABLE_MODULES = YES;
				CLANG_ENABLE_OBJC_ARC = YES;
				CLANG_ENABLE_OBJC_WEAK = YES;
				CLANG_WARN_BLOCK_CAPTURE_AUTORELEASING = YES;
				CLANG_WARN_BOOL_CONVERSION = YES;
				CLANG_WARN_COMMA = YES;
				CLANG_WARN_CONSTANT_CONVERSION = YES;
				CLANG_WARN_DEPRECATED_OBJC_IMPLEMENTATIONS = YES;
				CLANG_WARN_DIRECT_OBJC_ISA_USAGE = YES_ERROR;
				CLANG_WARN_DOCUMENTATION_COMMENTS = YES;
				CLANG_WARN_EMPTY_BODY = YES;
				CLANG_WARN_ENUM_CONVERSION = YES;
				CLANG_WARN_INFINITE_RECURSION = YES;
				CLANG_WARN_INT_CONVERSION = YES;
				CLANG_WARN_NON_LITERAL_NULL_CONVERSION = YES;
				CLANG_WARN_OBJC_IMPLICIT_RETAIN_SELF = YES;
				CLANG_WARN_OBJC_LITERAL_CONVERSION = YES;
				CLANG_WARN_OBJC_ROOT_CLASS = YES_ERROR;
				CLANG_WARN_QUOTED_INCLUDE_IN_FRAMEWORK_HEADER = YES;
				CLANG_WARN_RANGE_LOOP_ANALYSIS = YES;
				CLANG_WARN_STRICT_PROTOTYPES = YES;
				CLANG_WARN_SUSPICIOUS_MOVE = YES;
				CLANG_WARN_UNGUARDED_AVAILABILITY = YES_AGGRESSIVE;
				CLANG_WARN_UNREACHABLE_CODE = YES;
				CLANG_WARN__DUPLICATE_METHOD_MATCH = YES;
				COPY_PHASE_STRIP = NO;
				DEBUG_INFORMATION_FORMAT = dwarf;
				ENABLE_STRICT_OBJC_MSGSEND = YES;
				ENABLE_TESTABILITY = YES;
				GCC_C_LANGUAGE_STANDARD = gnu11;
				GCC_DYNAMIC_NO_PIC = NO;
				GCC_NO_COMMON_BLOCKS = YES;
				GCC_OPTIMIZATION_LEVEL = 0;
				GCC_PREPROCESSOR_DEFINITIONS = (
					"DEBUG=1",
					"$(inherited)",
				);
				GCC_WARN_64_TO_32_BIT_CONVERSION = YES;
				GCC_WARN_ABOUT_RETURN_TYPE = YES_ERROR;
				GCC_WARN_UNDECLARED_SELECTOR = YES;
				GCC_WARN_UNINITIALIZED_AUTOS = YES_AGGRESSIVE;
				GCC_WARN_UNUSED_FUNCTION = YES;
				GCC_WARN_UNUSED_VARIABLE = YES;
				IPHONEOS_DEPLOYMENT_TARGET = 15.5;
				MTL_ENABLE_DEBUG_INFO = INCLUDE_SOURCE;
				MTL_FAST_MATH = YES;
				ONLY_ACTIVE_ARCH = YES;
				SDKROOT = iphoneos;
				SWIFT_ACTIVE_COMPILATION_CONDITIONS = DEBUG;
				SWIFT_OPTIMIZATION_LEVEL = "-Onone";
			};
			name = Debug;
		};
		FAD5B2BE285770980080E6AC /* Release */ = {
			isa = XCBuildConfiguration;
			buildSettings = {
				ALWAYS_SEARCH_USER_PATHS = NO;
				CLANG_ANALYZER_NONNULL = YES;
				CLANG_ANALYZER_NUMBER_OBJECT_CONVERSION = YES_AGGRESSIVE;
				CLANG_CXX_LANGUAGE_STANDARD = "gnu++17";
				CLANG_ENABLE_MODULES = YES;
				CLANG_ENABLE_OBJC_ARC = YES;
				CLANG_ENABLE_OBJC_WEAK = YES;
				CLANG_WARN_BLOCK_CAPTURE_AUTORELEASING = YES;
				CLANG_WARN_BOOL_CONVERSION = YES;
				CLANG_WARN_COMMA = YES;
				CLANG_WARN_CONSTANT_CONVERSION = YES;
				CLANG_WARN_DEPRECATED_OBJC_IMPLEMENTATIONS = YES;
				CLANG_WARN_DIRECT_OBJC_ISA_USAGE = YES_ERROR;
				CLANG_WARN_DOCUMENTATION_COMMENTS = YES;
				CLANG_WARN_EMPTY_BODY = YES;
				CLANG_WARN_ENUM_CONVERSION = YES;
				CLANG_WARN_INFINITE_RECURSION = YES;
				CLANG_WARN_INT_CONVERSION = YES;
				CLANG_WARN_NON_LITERAL_NULL_CONVERSION = YES;
				CLANG_WARN_OBJC_IMPLICIT_RETAIN_SELF = YES;
				CLANG_WARN_OBJC_LITERAL_CONVERSION = YES;
				CLANG_WARN_OBJC_ROOT_CLASS = YES_ERROR;
				CLANG_WARN_QUOTED_INCLUDE_IN_FRAMEWORK_HEADER = YES;
				CLANG_WARN_RANGE_LOOP_ANALYSIS = YES;
				CLANG_WARN_STRICT_PROTOTYPES = YES;
				CLANG_WARN_SUSPICIOUS_MOVE = YES;
				CLANG_WARN_UNGUARDED_AVAILABILITY = YES_AGGRESSIVE;
				CLANG_WARN_UNREACHABLE_CODE = YES;
				CLANG_WARN__DUPLICATE_METHOD_MATCH = YES;
				COPY_PHASE_STRIP = NO;
				DEBUG_INFORMATION_FORMAT = "dwarf-with-dsym";
				ENABLE_NS_ASSERTIONS = NO;
				ENABLE_STRICT_OBJC_MSGSEND = YES;
				GCC_C_LANGUAGE_STANDARD = gnu11;
				GCC_NO_COMMON_BLOCKS = YES;
				GCC_WARN_64_TO_32_BIT_CONVERSION = YES;
				GCC_WARN_ABOUT_RETURN_TYPE = YES_ERROR;
				GCC_WARN_UNDECLARED_SELECTOR = YES;
				GCC_WARN_UNINITIALIZED_AUTOS = YES_AGGRESSIVE;
				GCC_WARN_UNUSED_FUNCTION = YES;
				GCC_WARN_UNUSED_VARIABLE = YES;
				IPHONEOS_DEPLOYMENT_TARGET = 15.5;
				MTL_ENABLE_DEBUG_INFO = NO;
				MTL_FAST_MATH = YES;
				SDKROOT = iphoneos;
				SWIFT_COMPILATION_MODE = wholemodule;
				SWIFT_OPTIMIZATION_LEVEL = "-O";
				VALIDATE_PRODUCT = YES;
			};
			name = Release;
		};
		FAD5B2C0285770980080E6AC /* Debug */ = {
			isa = XCBuildConfiguration;
			baseConfigurationReference = 2068C3C15918940A12EBAFF0 /* Pods-NFTMarket.debug.xcconfig */;
			buildSettings = {
				ASSETCATALOG_COMPILER_APPICON_NAME = AppIcon;
				ASSETCATALOG_COMPILER_GLOBAL_ACCENT_COLOR_NAME = AccentColor;
				CODE_SIGN_STYLE = Automatic;
				CURRENT_PROJECT_VERSION = 1;
				DEVELOPMENT_TEAM = VPS9LBWQ55;
				GENERATE_INFOPLIST_FILE = YES;
				INFOPLIST_FILE = NFTMarket/Info.plist;
				INFOPLIST_KEY_UIApplicationSupportsIndirectInputEvents = YES;
				INFOPLIST_KEY_UILaunchStoryboardName = LaunchScreen;
				INFOPLIST_KEY_UISupportedInterfaceOrientations_iPad = "UIInterfaceOrientationPortrait UIInterfaceOrientationPortraitUpsideDown UIInterfaceOrientationLandscapeLeft UIInterfaceOrientationLandscapeRight";
				INFOPLIST_KEY_UISupportedInterfaceOrientations_iPhone = "UIInterfaceOrientationPortrait UIInterfaceOrientationLandscapeLeft UIInterfaceOrientationLandscapeRight";
				LD_RUNPATH_SEARCH_PATHS = (
					"$(inherited)",
					"@executable_path/Frameworks",
				);
				MARKETING_VERSION = 1.0;
				PRODUCT_BUNDLE_IDENTIFIER = "-Ciper.NFTMarket";
				PRODUCT_NAME = "$(TARGET_NAME)";
				SWIFT_EMIT_LOC_STRINGS = YES;
				SWIFT_VERSION = 5.0;
				TARGETED_DEVICE_FAMILY = "1,2";
			};
			name = Debug;
		};
		FAD5B2C1285770980080E6AC /* Release */ = {
			isa = XCBuildConfiguration;
			baseConfigurationReference = 18736A68936E5AB308B0F128 /* Pods-NFTMarket.release.xcconfig */;
			buildSettings = {
				ASSETCATALOG_COMPILER_APPICON_NAME = AppIcon;
				ASSETCATALOG_COMPILER_GLOBAL_ACCENT_COLOR_NAME = AccentColor;
				CODE_SIGN_STYLE = Automatic;
				CURRENT_PROJECT_VERSION = 1;
				DEVELOPMENT_TEAM = VPS9LBWQ55;
				GENERATE_INFOPLIST_FILE = YES;
				INFOPLIST_FILE = NFTMarket/Info.plist;
				INFOPLIST_KEY_UIApplicationSupportsIndirectInputEvents = YES;
				INFOPLIST_KEY_UILaunchStoryboardName = LaunchScreen;
				INFOPLIST_KEY_UISupportedInterfaceOrientations_iPad = "UIInterfaceOrientationPortrait UIInterfaceOrientationPortraitUpsideDown UIInterfaceOrientationLandscapeLeft UIInterfaceOrientationLandscapeRight";
				INFOPLIST_KEY_UISupportedInterfaceOrientations_iPhone = "UIInterfaceOrientationPortrait UIInterfaceOrientationLandscapeLeft UIInterfaceOrientationLandscapeRight";
				LD_RUNPATH_SEARCH_PATHS = (
					"$(inherited)",
					"@executable_path/Frameworks",
				);
				MARKETING_VERSION = 1.0;
				PRODUCT_BUNDLE_IDENTIFIER = "-Ciper.NFTMarket";
				PRODUCT_NAME = "$(TARGET_NAME)";
				SWIFT_EMIT_LOC_STRINGS = YES;
				SWIFT_VERSION = 5.0;
				TARGETED_DEVICE_FAMILY = "1,2";
			};
			name = Release;
		};
		FAD5B2C3285770980080E6AC /* Debug */ = {
			isa = XCBuildConfiguration;
			baseConfigurationReference = 3649E416B58AFF4CB79664E4 /* Pods-NFTMarketTests.debug.xcconfig */;
			buildSettings = {
				ALWAYS_EMBED_SWIFT_STANDARD_LIBRARIES = YES;
				BUNDLE_LOADER = "$(TEST_HOST)";
				CODE_SIGN_STYLE = Automatic;
				CURRENT_PROJECT_VERSION = 1;
				GENERATE_INFOPLIST_FILE = YES;
				IPHONEOS_DEPLOYMENT_TARGET = 15.5;
				MARKETING_VERSION = 1.0;
				PRODUCT_BUNDLE_IDENTIFIER = "-Ciper.NFTMarketTests";
				PRODUCT_NAME = "$(TARGET_NAME)";
				SWIFT_EMIT_LOC_STRINGS = NO;
				SWIFT_VERSION = 5.0;
				TARGETED_DEVICE_FAMILY = "1,2";
				TEST_HOST = "$(BUILT_PRODUCTS_DIR)/NFTMarket.app/NFTMarket";
			};
			name = Debug;
		};
		FAD5B2C4285770980080E6AC /* Release */ = {
			isa = XCBuildConfiguration;
			baseConfigurationReference = C065056B2990EABDB79DE79F /* Pods-NFTMarketTests.release.xcconfig */;
			buildSettings = {
				ALWAYS_EMBED_SWIFT_STANDARD_LIBRARIES = YES;
				BUNDLE_LOADER = "$(TEST_HOST)";
				CODE_SIGN_STYLE = Automatic;
				CURRENT_PROJECT_VERSION = 1;
				GENERATE_INFOPLIST_FILE = YES;
				IPHONEOS_DEPLOYMENT_TARGET = 15.5;
				MARKETING_VERSION = 1.0;
				PRODUCT_BUNDLE_IDENTIFIER = "-Ciper.NFTMarketTests";
				PRODUCT_NAME = "$(TARGET_NAME)";
				SWIFT_EMIT_LOC_STRINGS = NO;
				SWIFT_VERSION = 5.0;
				TARGETED_DEVICE_FAMILY = "1,2";
				TEST_HOST = "$(BUILT_PRODUCTS_DIR)/NFTMarket.app/NFTMarket";
			};
			name = Release;
		};
		FAD5B2C6285770980080E6AC /* Debug */ = {
			isa = XCBuildConfiguration;
			baseConfigurationReference = 7B8294F244A41C1E0CD464E0 /* Pods-NFTMarket-NFTMarketUITests.debug.xcconfig */;
			buildSettings = {
				ALWAYS_EMBED_SWIFT_STANDARD_LIBRARIES = YES;
				CODE_SIGN_STYLE = Automatic;
				CURRENT_PROJECT_VERSION = 1;
				GENERATE_INFOPLIST_FILE = YES;
				MARKETING_VERSION = 1.0;
				PRODUCT_BUNDLE_IDENTIFIER = "-Ciper.NFTMarketUITests";
				PRODUCT_NAME = "$(TARGET_NAME)";
				SWIFT_EMIT_LOC_STRINGS = NO;
				SWIFT_VERSION = 5.0;
				TARGETED_DEVICE_FAMILY = "1,2";
				TEST_TARGET_NAME = NFTMarket;
			};
			name = Debug;
		};
		FAD5B2C7285770980080E6AC /* Release */ = {
			isa = XCBuildConfiguration;
			baseConfigurationReference = 2FF18F896390D834813D8F89 /* Pods-NFTMarket-NFTMarketUITests.release.xcconfig */;
			buildSettings = {
				ALWAYS_EMBED_SWIFT_STANDARD_LIBRARIES = YES;
				CODE_SIGN_STYLE = Automatic;
				CURRENT_PROJECT_VERSION = 1;
				GENERATE_INFOPLIST_FILE = YES;
				MARKETING_VERSION = 1.0;
				PRODUCT_BUNDLE_IDENTIFIER = "-Ciper.NFTMarketUITests";
				PRODUCT_NAME = "$(TARGET_NAME)";
				SWIFT_EMIT_LOC_STRINGS = NO;
				SWIFT_VERSION = 5.0;
				TARGETED_DEVICE_FAMILY = "1,2";
				TEST_TARGET_NAME = NFTMarket;
			};
			name = Release;
		};
/* End XCBuildConfiguration section */

/* Begin XCConfigurationList section */
		FAD5B28D285770960080E6AC /* Build configuration list for PBXProject "NFTMarket" */ = {
			isa = XCConfigurationList;
			buildConfigurations = (
				FAD5B2BD285770980080E6AC /* Debug */,
				FAD5B2BE285770980080E6AC /* Release */,
			);
			defaultConfigurationIsVisible = 0;
			defaultConfigurationName = Release;
		};
		FAD5B2BF285770980080E6AC /* Build configuration list for PBXNativeTarget "NFTMarket" */ = {
			isa = XCConfigurationList;
			buildConfigurations = (
				FAD5B2C0285770980080E6AC /* Debug */,
				FAD5B2C1285770980080E6AC /* Release */,
			);
			defaultConfigurationIsVisible = 0;
			defaultConfigurationName = Release;
		};
		FAD5B2C2285770980080E6AC /* Build configuration list for PBXNativeTarget "NFTMarketTests" */ = {
			isa = XCConfigurationList;
			buildConfigurations = (
				FAD5B2C3285770980080E6AC /* Debug */,
				FAD5B2C4285770980080E6AC /* Release */,
			);
			defaultConfigurationIsVisible = 0;
			defaultConfigurationName = Release;
		};
		FAD5B2C5285770980080E6AC /* Build configuration list for PBXNativeTarget "NFTMarketUITests" */ = {
			isa = XCConfigurationList;
			buildConfigurations = (
				FAD5B2C6285770980080E6AC /* Debug */,
				FAD5B2C7285770980080E6AC /* Release */,
			);
			defaultConfigurationIsVisible = 0;
			defaultConfigurationName = Release;
		};
/* End XCConfigurationList section */

/* Begin XCVersionGroup section */
		FAD5B29E285770960080E6AC /* NFTMarket.xcdatamodeld */ = {
			isa = XCVersionGroup;
			children = (
				FAD5B29F285770960080E6AC /* NFTMarket.xcdatamodel */,
			);
			currentVersion = FAD5B29F285770960080E6AC /* NFTMarket.xcdatamodel */;
			path = NFTMarket.xcdatamodeld;
			sourceTree = "<group>";
			versionGroupType = wrapper.xcdatamodel;
		};
/* End XCVersionGroup section */
	};
	rootObject = FAD5B28A285770960080E6AC /* Project object */;
}
